
Microsoft Visual Studio Solution File, Format Version 12.00
# Visual Studio Version 17
VisualStudioVersion = 17.9.34518.117
MinimumVisualStudioVersion = 10.0.40219.1
Project("{FAE04EC0-301F-11D3-BF4B-00C04F79EFBC}") = "SimpleExample.Api", "SimpleExample.Api\SimpleExample.Api.csproj", "{ED9E03CD-D5EA-478B-B0B6-F8558C89CD4A}"
EndProject
Project("{FAE04EC0-301F-11D3-BF4B-00C04F79EFBC}") = "SimpleExample.Worker", "SimpleExample.Worker\SimpleExample.Worker.csproj", "{8188952C-52AB-4558-9A85-B261B98D8BDA}"
EndProject
Global
	GlobalSection(SolutionConfigurationPlatforms) = preSolution
		Debug|Any CPU = Debug|Any CPU
		Release|Any CPU = Release|Any CPU
	EndGlobalSection
	GlobalSection(ProjectConfigurationPlatforms) = postSolution
		{ED9E03CD-D5EA-478B-B0B6-F8558C89CD4A}.Debug|Any CPU.ActiveCfg = Debug|Any CPU
		{ED9E03CD-D5EA-478B-B0B6-F8558C89CD4A}.Debug|Any CPU.Build.0 = Debug|Any CPU
		{ED9E03CD-D5EA-478B-B0B6-F8558C89CD4A}.Release|Any CPU.ActiveCfg = Release|Any CPU
		{ED9E03CD-D5EA-478B-B0B6-F8558C89CD4A}.Release|Any CPU.Build.0 = Release|Any CPU
		{8188952C-52AB-4558-9A85-B261B98D8BDA}.Debug|Any CPU.ActiveCfg = Debug|Any CPU
		{8188952C-52AB-4558-9A85-B261B98D8BDA}.Debug|Any CPU.Build.0 = Debug|Any CPU
		{8188952C-52AB-4558-9A85-B261B98D8BDA}.Release|Any CPU.ActiveCfg = Release|Any CPU
		{8188952C-52AB-4558-9A85-B261B98D8BDA}.Release|Any CPU.Build.0 = Release|Any CPU
	EndGlobalSection
	GlobalSection(SolutionProperties) = preSolution
		HideSolutionNode = FALSE
	EndGlobalSection
	GlobalSection(ExtensibilityGlobals) = postSolution
		SolutionGuid = {7739E8A0-4F40-4C36-8EA7-B6BDDBDC6657}
	EndGlobalSection
EndGlobal
